<?xml version="1.0" encoding="utf-8"?>
<Project ToolsVersion="4.0" xmlns="http://schemas.microsoft.com/developer/msbuild/2003">
  <ItemGroup>
    <Filter Include="Source Files">
      <UniqueIdentifier>{4FC737F1-C7A5-4376-A066-2A32D752A2FF}</UniqueIdentifier>
      <Extensions>cpp;c;cc;cxx;c++;def;odl;idl;hpj;bat;asm;asmx</Extensions>
    </Filter>
    <Filter Include="Header Files">
      <UniqueIdentifier>{93995380-89BD-4b04-88EB-625FBE52EBFB}</UniqueIdentifier>
      <Extensions>h;hh;hpp;hxx;h++;hm;inl;inc;ipp;xsd</Extensions>
    </Filter>
    <Filter Include="Resource Files">
      <UniqueIdentifier>{67DA6AB6-F800-4c08-8B7A-83BB121AAD01}</UniqueIdentifier>
      <Extensions>rc;ico;cur;bmp;dlg;rc2;rct;bin;rgs;gif;jpg;jpeg;jpe;resx;tiff;tif;png;wav;mfcribbon-ms</Extensions>
    </Filter>
  </ItemGroup>
  <ItemGroup>
    <ResourceCompile Include="UtilitarianAirlines.rc">
      <Filter>Resource Files</Filter>
    </ResourceCompile>
  </ItemGroup>
  <ItemGroup>
    <Image Include="small.ico">
      <Filter>Resource Files</Filter>
    </Image>
    <Image Include="UtilitarianAirlines.ico">
      <Filter>Resource Files</Filter>
    </Image>
    <Image Include="download.bmp">
      <Filter>Resource Files</Filter>
    </Image>
  </ItemGroup>
  <ItemGroup>
    <ClCompile Include="uaApp.cpp">
      <Filter>Source Files</Filter>
    </ClCompile>
    <ClCompile Include="uaMain.cpp">
      <Filter>Source Files</Filter>
    </ClCompile>
    <ClCompile Include="uaMainMenu.cpp">
      <Filter>Source Files</Filter>
    </ClCompile>
    <ClCompile Include="uaReg.cpp">
      <Filter>Source Files</Filter>
    </ClCompile>
    <ClCompile Include="uaMethods.cpp">
      <Filter>Source Files</Filter>
    </ClCompile>
    <ClCompile Include="uaID.cpp">
      <Filter>Source Files</Filter>
    </ClCompile>
    <ClCompile Include="uaSeat.cpp">
      <Filter>Source Files</Filter>
    </ClCompile>
  </ItemGroup>
  <ItemGroup>
    <ClInclude Include="uaApp.h">
      <Filter>Header Files</Filter>
    </ClInclude>
    <ClInclude Include="uaMain.h">
      <Filter>Header Files</Filter>
    </ClInclude>
    <ClInclude Include="uaMainMenu.h">
      <Filter>Header Files</Filter>
    </ClInclude>
    <ClInclude Include="uaReg.h">
      <Filter>Header Files</Filter>
    </ClInclude>
    <ClInclude Include="uaMethods.h">
      <Filter>Header Files</Filter>
    </ClInclude>
    <ClInclude Include="uaID.h">
      <Filter>Header Files</Filter>
    </ClInclude>
    <ClInclude Include="resource.h">
      <Filter>Header Files</Filter>
    </ClInclude>
    <ClInclude Include="uaSeat.h">
      <Filter>Header Files</Filter>
    </ClInclude>
  </ItemGroup>
</Project>